{
  "name": "carwiz",
  "version": "1.0.0",
  "lockfileVersion": 3,
  "requires": true,
  "packages": {
    "": {
      "name": "carwiz",
      "version": "1.0.0",
      "license": "ISC",
      "dependencies": {
        "datepicker.js": "^0.0.1-beta1"
      }
    },
    "node_modules/datepicker.js": {
      "version": "0.0.1-beta1",
      "resolved": "https://registry.npmjs.org/datepicker.js/-/datepicker.js-0.0.1-beta1.tgz",
      "integrity": "sha512-z58CQt72Nie9iaS8n6M/0SE3Wndg+rDxiRnplwWUN6BKjwXDyLbWAlGlUk3YyvkSmEQvpPdkMDP0bofLClA+Kw=="
    }
  }
}
